
Microsoft Visual Studio Solution File, Format Version 12.00
# Visual Studio Version 16
VisualStudioVersion = 25.0.1705.3
MinimumVisualStudioVersion = 10.0.40219.1
Project("{FAE04EC0-301F-11D3-BF4B-00C04F79EFBC}") = "hw7", "hw7\hw7.csproj", "{3D2AEAE1-2BFD-47D9-A61A-CF666C282378}"
EndProject
Project("{FAE04EC0-301F-11D3-BF4B-00C04F79EFBC}") = "hw7.Core", "hw7.Core\hw7.Core.csproj", "{91400A33-D33D-4570-806D-E1A49470AD54}"
EndProject
Global
	GlobalSection(SolutionConfigurationPlatforms) = preSolution
		Debug|Any CPU = Debug|Any CPU
		Release|Any CPU = Release|Any CPU
	EndGlobalSection
	GlobalSection(ProjectConfigurationPlatforms) = postSolution
		{3D2AEAE1-2BFD-47D9-A61A-CF666C282378}.Debug|Any CPU.ActiveCfg = Debug|Any CPU
		{3D2AEAE1-2BFD-47D9-A61A-CF666C282378}.Debug|Any CPU.Build.0 = Debug|Any CPU
		{3D2AEAE1-2BFD-47D9-A61A-CF666C282378}.Release|Any CPU.ActiveCfg = Release|Any CPU
		{3D2AEAE1-2BFD-47D9-A61A-CF666C282378}.Release|Any CPU.Build.0 = Release|Any CPU
		{91400A33-D33D-4570-806D-E1A49470AD54}.Debug|Any CPU.ActiveCfg = Debug|Any CPU
		{91400A33-D33D-4570-806D-E1A49470AD54}.Debug|Any CPU.Build.0 = Debug|Any CPU
		{91400A33-D33D-4570-806D-E1A49470AD54}.Release|Any CPU.ActiveCfg = Release|Any CPU
		{91400A33-D33D-4570-806D-E1A49470AD54}.Release|Any CPU.Build.0 = Release|Any CPU
	EndGlobalSection
	GlobalSection(SolutionProperties) = preSolution
		HideSolutionNode = FALSE
	EndGlobalSection
	GlobalSection(ExtensibilityGlobals) = postSolution
		SolutionGuid = {B20586C4-4AF9-4902-BAED-2F30CD047B88}
	EndGlobalSection
EndGlobal
